# THIS IS AN AUTOGENERATED FILE. DO NOT EDIT THIS FILE DIRECTLY.
# yarn lockfile v1


"@angular/common@^4.0.0-rc.1":
  version "4.0.0-rc.1"
  resolved "http://cebesvc-nexus-prod.sxpbelux.net/repository/npm-group/@angular/common/-/common-4.0.0-rc.1.tgz#b5bc1e14ca97689048277b2f5f8e5f6065018eb9"

"@angular/compiler-cli@^4.0.0-rc.1":
  version "4.0.0-rc.1"
  resolved "http://cebesvc-nexus-prod.sxpbelux.net/repository/npm-group/@angular/compiler-cli/-/compiler-cli-4.0.0-rc.1.tgz#48cdcfb691eac2152602f296fb9fa7ffc4bfa5bd"
  dependencies:
    "@angular/tsc-wrapped" "4.0.0-rc.1"
    minimist "^1.2.0"
    reflect-metadata "^0.1.2"

"@angular/compiler@^4.0.0-rc.1":
  version "4.0.0-rc.1"
  resolved "http://cebesvc-nexus-prod.sxpbelux.net/repository/npm-group/@angular/compiler/-/compiler-4.0.0-rc.1.tgz#e89f2d76f8800cb599e9dc6c7f8a381e79b92715"

"@angular/core@^4.0.0-rc.1":
  version "4.0.0-rc.1"
  resolved "http://cebesvc-nexus-prod.sxpbelux.net/repository/npm-group/@angular/core/-/core-4.0.0-rc.1.tgz#7f87b7696b407476e45d6d3c1880a50d5afbb6e3"

"@angular/forms@^4.0.0-rc.1":
  version "4.0.0-rc.1"
  resolved "http://cebesvc-nexus-prod.sxpbelux.net/repository/npm-group/@angular/forms/-/forms-4.0.0-rc.1.tgz#2b768afe3d29231222f5e131918e21571e1cf597"

"@angular/http@^4.0.0-rc.1":
  version "4.0.0-rc.1"
  resolved "http://cebesvc-nexus-prod.sxpbelux.net/repository/npm-group/@angular/http/-/http-4.0.0-rc.1.tgz#66c548eed938933ef22ab706cb6371b58b6bc397"

"@angular/language-service@^4.0.0-rc.1":
  version "4.0.0-rc.1"
  resolved "http://cebesvc-nexus-prod.sxpbelux.net/repository/npm-group/@angular/language-service/-/language-service-4.0.0-rc.1.tgz#2533b84e8e27f348acb73a4c2f8a66da3a52b737"

"@angular/platform-browser@^4.0.0-rc.1":
  version "4.0.0-rc.1"
  resolved "http://cebesvc-nexus-prod.sxpbelux.net/repository/npm-group/@angular/platform-browser/-/platform-browser-4.0.0-rc.1.tgz#74e5834c9fd22185851eb15ab1444679f7fe87b0"

"@angular/platform-server@^4.0.0-rc.1":
  version "4.0.0-rc.1"
  resolved "http://cebesvc-nexus-prod.sxpbelux.net/repository/npm-group/@angular/platform-server/-/platform-server-4.0.0-rc.1.tgz#67b28aaca4af046b585f059f9939f9b5eb213900"
  dependencies:
    parse5 "^3.0.1"
    xhr2 "^0.1.4"

"@angular/router@^4.0.0-rc.1":
  version "4.0.0-rc.1"
  resolved "http://cebesvc-nexus-prod.sxpbelux.net/repository/npm-group/@angular/router/-/router-4.0.0-rc.1.tgz#82fcc6f88c6a7aae65f65772a8ea73968e3423f1"

"@angular/tsc-wrapped@4.0.0-rc.1":
  version "4.0.0-rc.1"
  resolved "http://cebesvc-nexus-prod.sxpbelux.net/repository/npm-group/@angular/tsc-wrapped/-/tsc-wrapped-4.0.0-rc.1.tgz#767ce64d70c66b9d4bd8ba1ef99a47bc02836336"
  dependencies:
    tsickle "^0.21.0"

"@types/node@^6.0.46":
  version "6.0.63"
  resolved "http://cebesvc-nexus-prod.sxpbelux.net/repository/npm-group/@types/node/-/node-6.0.63.tgz#e08acbbd5946e0e95990b1c76f3ce5b7882a48eb"

"@types/node@^7.0.5":
  version "7.0.5"
  resolved "http://cebesvc-nexus-prod.sxpbelux.net/repository/npm-group/@types/node/-/node-7.0.5.tgz#96a0f0a618b7b606f1ec547403c00650210bfbb7"

ansi-escapes@^1.1.0:
  version "1.4.0"
  resolved "http://cebesvc-nexus-prod.sxpbelux.net/repository/npm-group/ansi-escapes/-/ansi-escapes-1.4.0.tgz#d3a8a83b319aa67793662b13e761c7911422306e"

ansi-regex@^2.0.0:
  version "2.1.1"
  resolved "http://cebesvc-nexus-prod.sxpbelux.net/repository/npm-group/ansi-regex/-/ansi-regex-2.1.1.tgz#c3b33ab5ee360d86e0e628f0468ae7ef27d654df"

ansi-styles@^2.2.1:
  version "2.2.1"
  resolved "http://cebesvc-nexus-prod.sxpbelux.net/repository/npm-group/ansi-styles/-/ansi-styles-2.2.1.tgz#b432dd3358b634cf75e1e4664368240533c1ddbe"

any-promise@^1.3.0:
  version "1.3.0"
  resolved "http://cebesvc-nexus-prod.sxpbelux.net/repository/npm-group/any-promise/-/any-promise-1.3.0.tgz#abc6afeedcea52e809cdc0376aed3ce39635d17f"

array-filter@~0.0.0:
  version "0.0.1"
  resolved "http://cebesvc-nexus-prod.sxpbelux.net/repository/npm-group/array-filter/-/array-filter-0.0.1.tgz#7da8cf2e26628ed732803581fd21f67cacd2eeec"

array-map@~0.0.0:
  version "0.0.0"
  resolved "http://cebesvc-nexus-prod.sxpbelux.net/repository/npm-group/array-map/-/array-map-0.0.0.tgz#88a2bab73d1cf7bcd5c1b118a003f66f665fa662"

array-reduce@~0.0.0:
  version "0.0.0"
  resolved "http://cebesvc-nexus-prod.sxpbelux.net/repository/npm-group/array-reduce/-/array-reduce-0.0.0.tgz#173899d3ffd1c7d9383e4479525dbe278cab5f2b"

array-union@^1.0.1:
  version "1.0.2"
  resolved "http://cebesvc-nexus-prod.sxpbelux.net/repository/npm-group/array-union/-/array-union-1.0.2.tgz#9a34410e4f4e3da23dea375be5be70f24778ec39"
  dependencies:
    array-uniq "^1.0.1"

array-uniq@^1.0.1:
  version "1.0.3"
  resolved "http://cebesvc-nexus-prod.sxpbelux.net/repository/npm-group/array-uniq/-/array-uniq-1.0.3.tgz#af6ac877a25cc7f74e058894753858dfdb24fdb6"

arrify@^1.0.0:
  version "1.0.1"
  resolved "http://cebesvc-nexus-prod.sxpbelux.net/repository/npm-group/arrify/-/arrify-1.0.1.tgz#898508da2226f380df904728456849c1501a4b0d"

async-kit@^2.2.3:
  version "2.2.3"
  resolved "http://cebesvc-nexus-prod.sxpbelux.net/repository/npm-group/async-kit/-/async-kit-2.2.3.tgz#264751a279ddc5f59b419638b805ae2c49858fb7"
  dependencies:
    nextgen-events "^0.9.0"
    tree-kit "^0.5.26"

babel-polyfill@6.22.0:
  version "6.22.0"
  resolved "http://cebesvc-nexus-prod.sxpbelux.net/repository/npm-group/babel-polyfill/-/babel-polyfill-6.22.0.tgz#1ac99ebdcc6ba4db1e2618c387b2084a82154a3b"
  dependencies:
    babel-runtime "^6.22.0"
    core-js "^2.4.0"
    regenerator-runtime "^0.10.0"

babel-runtime@^6.22.0:
  version "6.23.0"
  resolved "http://cebesvc-nexus-prod.sxpbelux.net/repository/npm-group/babel-runtime/-/babel-runtime-6.23.0.tgz#0a9489f144de70efb3ce4300accdb329e2fc543b"
  dependencies:
    core-js "^2.4.0"
    regenerator-runtime "^0.10.0"

balanced-match@^0.4.1:
  version "0.4.2"
  resolved "http://cebesvc-nexus-prod.sxpbelux.net/repository/npm-group/balanced-match/-/balanced-match-0.4.2.tgz#cb3f3e3c732dc0f01ee70b403f302e61d7709838"

bash-color@^0.0.4:
  version "0.0.4"
  resolved "http://cebesvc-nexus-prod.sxpbelux.net/repository/npm-group/bash-color/-/bash-color-0.0.4.tgz#e9be8ce33540cada4881768c59bd63865736e913"

brace-expansion@^1.0.0:
  version "1.1.6"
  resolved "http://cebesvc-nexus-prod.sxpbelux.net/repository/npm-group/brace-expansion/-/brace-expansion-1.1.6.tgz#7197d7eaa9b87e648390ea61fc66c84427420df9"
  dependencies:
    balanced-match "^0.4.1"
    concat-map "0.0.1"

browser-resolve@^1.11.0:
  version "1.11.2"
  resolved "http://cebesvc-nexus-prod.sxpbelux.net/repository/npm-group/browser-resolve/-/browser-resolve-1.11.2.tgz#8ff09b0a2c421718a1051c260b32e48f442938ce"
  dependencies:
    resolve "1.1.7"

builtin-modules@^1.0.0, builtin-modules@^1.1.0:
  version "1.1.1"
  resolved "http://cebesvc-nexus-prod.sxpbelux.net/repository/npm-group/builtin-modules/-/builtin-modules-1.1.1.tgz#270f076c5a72c02f5b65a47df94c5fe3a278892f"

chalk@1.x, chalk@^1.0.0, chalk@^1.1.1, chalk@^1.1.3:
  version "1.1.3"
  resolved "http://cebesvc-nexus-prod.sxpbelux.net/repository/npm-group/chalk/-/chalk-1.1.3.tgz#a8115c55e4a702fe4d150abd3872822a7e09fc98"
  dependencies:
    ansi-styles "^2.2.1"
    escape-string-regexp "^1.0.2"
    has-ansi "^2.0.0"
    strip-ansi "^3.0.0"
    supports-color "^2.0.0"

cli-cursor@^2.1.0:
  version "2.1.0"
  resolved "http://cebesvc-nexus-prod.sxpbelux.net/repository/npm-group/cli-cursor/-/cli-cursor-2.1.0.tgz#b35dac376479facc3e94747d41d0d0f5238ffcb5"
  dependencies:
    restore-cursor "^2.0.0"

cli-width@^2.0.0:
  version "2.1.0"
  resolved "http://cebesvc-nexus-prod.sxpbelux.net/repository/npm-group/cli-width/-/cli-width-2.1.0.tgz#b234ca209b29ef66fc518d9b98d5847b00edf00a"

commander@2.9.0:
  version "2.9.0"
  resolved "http://cebesvc-nexus-prod.sxpbelux.net/repository/npm-group/commander/-/commander-2.9.0.tgz#9c99094176e12240cb22d6c5146098400fe0f7d4"
  dependencies:
    graceful-readlink ">= 1.0.0"

concat-map@0.0.1:
  version "0.0.1"
  resolved "http://cebesvc-nexus-prod.sxpbelux.net/repository/npm-group/concat-map/-/concat-map-0.0.1.tgz#d8a96bd77fd68df7793a73036a3ba0d5405d477b"

core-js@^2.4.0:
  version "2.4.1"
  resolved "http://cebesvc-nexus-prod.sxpbelux.net/repository/npm-group/core-js/-/core-js-2.4.1.tgz#4de911e667b0eae9124e34254b53aea6fc618d3e"

cross-spawn@^5.0.1:
  version "5.1.0"
  resolved "http://cebesvc-nexus-prod.sxpbelux.net/repository/npm-group/cross-spawn/-/cross-spawn-5.1.0.tgz#e8bd0efee58fcff6f8f94510a0a554bbfa235449"
  dependencies:
    lru-cache "^4.0.1"
    shebang-command "^1.2.0"
    which "^1.2.9"

define-properties@^1.1.2:
  version "1.1.2"
  resolved "http://cebesvc-nexus-prod.sxpbelux.net/repository/npm-group/define-properties/-/define-properties-1.1.2.tgz#83a73f2fea569898fb737193c8f873caf6d45c94"
  dependencies:
    foreach "^2.0.5"
    object-keys "^1.0.8"

diff@^3.1.0:
  version "3.2.0"
  resolved "http://cebesvc-nexus-prod.sxpbelux.net/repository/npm-group/diff/-/diff-3.2.0.tgz#c9ce393a4b7cbd0b058a725c93df299027868ff9"

duplexer@~0.1.1:
  version "0.1.1"
  resolved "http://cebesvc-nexus-prod.sxpbelux.net/repository/npm-group/duplexer/-/duplexer-0.1.1.tgz#ace6ff808c1ce66b57d1ebf97977acb02334cfc1"

error-ex@^1.2.0:
  version "1.3.0"
  resolved "http://cebesvc-nexus-prod.sxpbelux.net/repository/npm-group/error-ex/-/error-ex-1.3.0.tgz#e67b43f3e82c96ea3a584ffee0b9fc3325d802d9"
  dependencies:
    is-arrayish "^0.2.1"

es-abstract@^1.4.3:
  version "1.7.0"
  resolved "http://cebesvc-nexus-prod.sxpbelux.net/repository/npm-group/es-abstract/-/es-abstract-1.7.0.tgz#dfade774e01bfcd97f96180298c449c8623fb94c"
  dependencies:
    es-to-primitive "^1.1.1"
    function-bind "^1.1.0"
    is-callable "^1.1.3"
    is-regex "^1.0.3"

es-to-primitive@^1.1.1:
  version "1.1.1"
  resolved "http://cebesvc-nexus-prod.sxpbelux.net/repository/npm-group/es-to-primitive/-/es-to-primitive-1.1.1.tgz#45355248a88979034b6792e19bb81f2b7975dd0d"
  dependencies:
    is-callable "^1.1.1"
    is-date-object "^1.0.1"
    is-symbol "^1.0.1"

escape-string-regexp@^1.0.2, escape-string-regexp@^1.0.5:
  version "1.0.5"
  resolved "http://cebesvc-nexus-prod.sxpbelux.net/repository/npm-group/escape-string-regexp/-/escape-string-regexp-1.0.5.tgz#1b61c0562190a8dff6ae3bb2cf0200ca130b86d4"

event-stream@~3.3.0:
  version "3.3.4"
  resolved "http://cebesvc-nexus-prod.sxpbelux.net/repository/npm-group/event-stream/-/event-stream-3.3.4.tgz#4ab4c9a0f5a54db9338b4c34d86bfce8f4b35571"
  dependencies:
    duplexer "~0.1.1"
    from "~0"
    map-stream "~0.1.0"
    pause-stream "0.0.11"
    split "0.3"
    stream-combiner "~0.0.4"
    through "~2.3.1"

external-editor@^2.0.1:
  version "2.0.1"
  resolved "http://cebesvc-nexus-prod.sxpbelux.net/repository/npm-group/external-editor/-/external-editor-2.0.1.tgz#4c597c6c88fa6410e41dbbaa7b1be2336aa31095"
  dependencies:
    tmp "^0.0.31"

figures@^2.0.0:
  version "2.0.0"
  resolved "http://cebesvc-nexus-prod.sxpbelux.net/repository/npm-group/figures/-/figures-2.0.0.tgz#3ab1a2d2a62c8bfb431a0c94cb797a2fce27c962"
  dependencies:
    escape-string-regexp "^1.0.5"

foreach@^2.0.5:
  version "2.0.5"
  resolved "http://cebesvc-nexus-prod.sxpbelux.net/repository/npm-group/foreach/-/foreach-2.0.5.tgz#0bee005018aeb260d0a3af3ae658dd0136ec1b99"

from@~0:
  version "0.1.3"
  resolved "http://cebesvc-nexus-prod.sxpbelux.net/repository/npm-group/from/-/from-0.1.3.tgz#ef63ac2062ac32acf7862e0d40b44b896f22f3bc"

fs.realpath@^1.0.0:
  version "1.0.0"
  resolved "http://cebesvc-nexus-prod.sxpbelux.net/repository/npm-group/fs.realpath/-/fs.realpath-1.0.0.tgz#1504ad2523158caa40db4a2787cb01411994ea4f"

function-bind@^1.0.2, function-bind@^1.1.0:
  version "1.1.0"
  resolved "http://cebesvc-nexus-prod.sxpbelux.net/repository/npm-group/function-bind/-/function-bind-1.1.0.tgz#16176714c801798e4e8f2cf7f7529467bb4a5771"

glob@^7.0.0, glob@^7.0.3, glob@^7.0.5:
  version "7.1.1"
  resolved "http://cebesvc-nexus-prod.sxpbelux.net/repository/npm-group/glob/-/glob-7.1.1.tgz#805211df04faaf1c63a3600306cdf5ade50b2ec8"
  dependencies:
    fs.realpath "^1.0.0"
    inflight "^1.0.4"
    inherits "2"
    minimatch "^3.0.2"
    once "^1.3.0"
    path-is-absolute "^1.0.0"

globby@6.1.0:
  version "6.1.0"
  resolved "http://cebesvc-nexus-prod.sxpbelux.net/repository/npm-group/globby/-/globby-6.1.0.tgz#f5a6d70e8395e21c858fb0489d64df02424d506c"
  dependencies:
    array-union "^1.0.1"
    glob "^7.0.3"
    object-assign "^4.0.1"
    pify "^2.0.0"
    pinkie-promise "^2.0.0"

graceful-fs@^4.1.2:
  version "4.1.11"
  resolved "http://cebesvc-nexus-prod.sxpbelux.net/repository/npm-group/graceful-fs/-/graceful-fs-4.1.11.tgz#0e8bdfe4d1ddb8854d64e04ea7c00e2a026e5658"

"graceful-readlink@>= 1.0.0":
  version "1.0.1"
  resolved "http://cebesvc-nexus-prod.sxpbelux.net/repository/npm-group/graceful-readlink/-/graceful-readlink-1.0.1.tgz#4cafad76bc62f02fa039b2f94e9a3dd3a391a725"

has-ansi@^2.0.0:
  version "2.0.0"
  resolved "http://cebesvc-nexus-prod.sxpbelux.net/repository/npm-group/has-ansi/-/has-ansi-2.0.0.tgz#34f5049ce1ecdf2b0649af3ef24e45ed35416d91"
  dependencies:
    ansi-regex "^2.0.0"

has@^1.0.1:
  version "1.0.1"
  resolved "http://cebesvc-nexus-prod.sxpbelux.net/repository/npm-group/has/-/has-1.0.1.tgz#8461733f538b0837c9361e39a9ab9e9704dc2f28"
  dependencies:
    function-bind "^1.0.2"

hosted-git-info@^2.1.4:
  version "2.2.0"
  resolved "http://cebesvc-nexus-prod.sxpbelux.net/repository/npm-group/hosted-git-info/-/hosted-git-info-2.2.0.tgz#7a0d097863d886c0fabbdcd37bf1758d8becf8a5"

inflight@^1.0.4:
  version "1.0.6"
  resolved "http://cebesvc-nexus-prod.sxpbelux.net/repository/npm-group/inflight/-/inflight-1.0.6.tgz#49bd6331d7d02d0c09bc910a1075ba8165b56df9"
  dependencies:
    once "^1.3.0"
    wrappy "1"

inherits@2:
  version "2.0.3"
  resolved "http://cebesvc-nexus-prod.sxpbelux.net/repository/npm-group/inherits/-/inherits-2.0.3.tgz#633c2c83e3da42a502f52466022480f4208261de"

inquirer@3.0.1:
  version "3.0.1"
  resolved "http://cebesvc-nexus-prod.sxpbelux.net/repository/npm-group/inquirer/-/inquirer-3.0.1.tgz#6dfbffaf4d697dd76c8fe349f919de01c28afc4d"
  dependencies:
    ansi-escapes "^1.1.0"
    chalk "^1.0.0"
    cli-cursor "^2.1.0"
    cli-width "^2.0.0"
    external-editor "^2.0.1"
    figures "^2.0.0"
    lodash "^4.3.0"
    mute-stream "0.0.7"
    run-async "^2.2.0"
    rx "^4.1.0"
    string-width "^2.0.0"
    strip-ansi "^3.0.0"
    through "^2.3.6"

interpret@^1.0.0:
  version "1.0.1"
  resolved "http://cebesvc-nexus-prod.sxpbelux.net/repository/npm-group/interpret/-/interpret-1.0.1.tgz#d579fb7f693b858004947af39fa0db49f795602c"

is-arrayish@^0.2.1:
  version "0.2.1"
  resolved "http://cebesvc-nexus-prod.sxpbelux.net/repository/npm-group/is-arrayish/-/is-arrayish-0.2.1.tgz#77c99840527aa8ecb1a8ba697b80645a7a926a9d"

is-builtin-module@^1.0.0:
  version "1.0.0"
  resolved "http://cebesvc-nexus-prod.sxpbelux.net/repository/npm-group/is-builtin-module/-/is-builtin-module-1.0.0.tgz#540572d34f7ac3119f8f76c30cbc1b1e037affbe"
  dependencies:
    builtin-modules "^1.0.0"

is-callable@^1.1.1, is-callable@^1.1.3:
  version "1.1.3"
  resolved "http://cebesvc-nexus-prod.sxpbelux.net/repository/npm-group/is-callable/-/is-callable-1.1.3.tgz#86eb75392805ddc33af71c92a0eedf74ee7604b2"

is-date-object@^1.0.1:
  version "1.0.1"
  resolved "http://cebesvc-nexus-prod.sxpbelux.net/repository/npm-group/is-date-object/-/is-date-object-1.0.1.tgz#9aa20eb6aeebbff77fbd33e74ca01b33581d3a16"

is-fullwidth-code-point@^2.0.0:
  version "2.0.0"
  resolved "http://cebesvc-nexus-prod.sxpbelux.net/repository/npm-group/is-fullwidth-code-point/-/is-fullwidth-code-point-2.0.0.tgz#a3b30a5c4f199183167aaab93beefae3ddfb654f"

is-promise@^2.1.0:
  version "2.1.0"
  resolved "http://cebesvc-nexus-prod.sxpbelux.net/repository/npm-group/is-promise/-/is-promise-2.1.0.tgz#79a2a9ece7f096e80f36d2b2f3bc16c1ff4bf3fa"

is-regex@^1.0.3:
  version "1.0.4"
  resolved "http://cebesvc-nexus-prod.sxpbelux.net/repository/npm-group/is-regex/-/is-regex-1.0.4.tgz#5517489b547091b0930e095654ced25ee97e9491"
  dependencies:
    has "^1.0.1"

is-symbol@^1.0.1:
  version "1.0.1"
  resolved "http://cebesvc-nexus-prod.sxpbelux.net/repository/npm-group/is-symbol/-/is-symbol-1.0.1.tgz#3cc59f00025194b6ab2e38dbae6689256b660572"

is-utf8@^0.2.0:
  version "0.2.1"
  resolved "http://cebesvc-nexus-prod.sxpbelux.net/repository/npm-group/is-utf8/-/is-utf8-0.2.1.tgz#4b0da1442104d1b336340e80797e865cf39f7d72"

isexe@^1.1.1:
  version "1.1.2"
  resolved "http://cebesvc-nexus-prod.sxpbelux.net/repository/npm-group/isexe/-/isexe-1.1.2.tgz#36f3e22e60750920f5e7241a476a8c6a42275ad0"

jsonify@~0.0.0:
  version "0.0.0"
  resolved "http://cebesvc-nexus-prod.sxpbelux.net/repository/npm-group/jsonify/-/jsonify-0.0.0.tgz#2c74b6ee41d93ca51b7b5aaee8f503631d252a73"

kebab-case@1.0.0:
  version "1.0.0"
  resolved "http://cebesvc-nexus-prod.sxpbelux.net/repository/npm-group/kebab-case/-/kebab-case-1.0.0.tgz#3f9e4990adcad0c686c0e701f7645868f75f91eb"

load-json-file@^2.0.0:
  version "2.0.0"
  resolved "http://cebesvc-nexus-prod.sxpbelux.net/repository/npm-group/load-json-file/-/load-json-file-2.0.0.tgz#7947e42149af80d696cbf797bcaabcfe1fe29ca8"
  dependencies:
    graceful-fs "^4.1.2"
    parse-json "^2.2.0"
    pify "^2.0.0"
    strip-bom "^3.0.0"

lodash@^4.17.4, lodash@^4.3.0:
  version "4.17.4"
  resolved "http://cebesvc-nexus-prod.sxpbelux.net/repository/npm-group/lodash/-/lodash-4.17.4.tgz#78203a4d1c328ae1d86dca6460e369b57f4055ae"

lru-cache@^4.0.1:
  version "4.0.2"
  resolved "http://cebesvc-nexus-prod.sxpbelux.net/repository/npm-group/lru-cache/-/lru-cache-4.0.2.tgz#1d17679c069cda5d040991a09dbc2c0db377e55e"
  dependencies:
    pseudomap "^1.0.1"
    yallist "^2.0.0"

make-error@^1.1.1:
  version "1.2.1"
  resolved "http://cebesvc-nexus-prod.sxpbelux.net/repository/npm-group/make-error/-/make-error-1.2.1.tgz#9a6dfb4844423b9f145806728d05c6e935670e75"

map-stream@~0.1.0:
  version "0.1.0"
  resolved "http://cebesvc-nexus-prod.sxpbelux.net/repository/npm-group/map-stream/-/map-stream-0.1.0.tgz#e56aa94c4c8055a16404a0674b78f215f7c8e194"

mimic-fn@^1.0.0:
  version "1.1.0"
  resolved "http://cebesvc-nexus-prod.sxpbelux.net/repository/npm-group/mimic-fn/-/mimic-fn-1.1.0.tgz#e667783d92e89dbd342818b5230b9d62a672ad18"

minimatch@^3.0.2:
  version "3.0.3"
  resolved "http://cebesvc-nexus-prod.sxpbelux.net/repository/npm-group/minimatch/-/minimatch-3.0.3.tgz#2a4e4090b96b2db06a9d7df01055a62a77c9b774"
  dependencies:
    brace-expansion "^1.0.0"

minimist@0.0.8:
  version "0.0.8"
  resolved "http://cebesvc-nexus-prod.sxpbelux.net/repository/npm-group/minimist/-/minimist-0.0.8.tgz#857fcabfc3397d2625b8228262e86aa7a011b05d"

minimist@^1.2.0:
  version "1.2.0"
  resolved "http://cebesvc-nexus-prod.sxpbelux.net/repository/npm-group/minimist/-/minimist-1.2.0.tgz#a35008b20f41383eec1fb914f4cd5df79a264284"

mkdirp@^0.5.1:
  version "0.5.1"
  resolved "http://cebesvc-nexus-prod.sxpbelux.net/repository/npm-group/mkdirp/-/mkdirp-0.5.1.tgz#30057438eac6cf7f8c4767f38648d6697d75c903"
  dependencies:
    minimist "0.0.8"

mute-stream@0.0.7:
  version "0.0.7"
  resolved "http://cebesvc-nexus-prod.sxpbelux.net/repository/npm-group/mute-stream/-/mute-stream-0.0.7.tgz#3075ce93bc21b8fab43e1bc4da7e8115ed1e7bab"

nextgen-events@^0.9.0, nextgen-events@^0.9.8:
  version "0.9.8"
  resolved "http://cebesvc-nexus-prod.sxpbelux.net/repository/npm-group/nextgen-events/-/nextgen-events-0.9.8.tgz#ed1712c2b37dad55407b3e941672d1568c3a4630"

normalize-package-data@^2.3.2:
  version "2.3.5"
  resolved "http://cebesvc-nexus-prod.sxpbelux.net/repository/npm-group/normalize-package-data/-/normalize-package-data-2.3.5.tgz#8d924f142960e1777e7ffe170543631cc7cb02df"
  dependencies:
    hosted-git-info "^2.1.4"
    is-builtin-module "^1.0.0"
    semver "2 || 3 || 4 || 5"
    validate-npm-package-license "^3.0.1"

npm-run-all@^4.0.2:
  version "4.0.2"
  resolved "http://cebesvc-nexus-prod.sxpbelux.net/repository/npm-group/npm-run-all/-/npm-run-all-4.0.2.tgz#a84669348e6db6ccbe052200b4cdb6bfe034a4fe"
  dependencies:
    chalk "^1.1.3"
    cross-spawn "^5.0.1"
    minimatch "^3.0.2"
    ps-tree "^1.0.1"
    read-pkg "^2.0.0"
    shell-quote "^1.6.1"
    string.prototype.padend "^3.0.0"

oao@^0.7.0:
  version "0.7.0"
  resolved "http://cebesvc-nexus-prod.sxpbelux.net/repository/npm-group/oao/-/oao-0.7.0.tgz#fa5796b4695527d579111ca11df689cc47aafa92"
  dependencies:
    babel-polyfill "6.22.0"
    commander "2.9.0"
    globby "6.1.0"
    inquirer "3.0.1"
    kebab-case "1.0.0"
    semver "5.3.0"
    shelljs "0.7.6"
    split "1.0.0"
    storyboard "^3.0.0"
    storyboard-preset-console "^3.0.0"
    terminal-kit "^0.26.1"
    timm "^1.2.3"

object-assign@^4.0.1:
  version "4.1.1"
  resolved "http://cebesvc-nexus-prod.sxpbelux.net/repository/npm-group/object-assign/-/object-assign-4.1.1.tgz#2109adc7965887cfc05cbbd442cac8bfbb360863"

object-keys@^1.0.8:
  version "1.0.11"
  resolved "http://cebesvc-nexus-prod.sxpbelux.net/repository/npm-group/object-keys/-/object-keys-1.0.11.tgz#c54601778ad560f1142ce0e01bcca8b56d13426d"

once@^1.3.0:
  version "1.4.0"
  resolved "http://cebesvc-nexus-prod.sxpbelux.net/repository/npm-group/once/-/once-1.4.0.tgz#583b1aa775961d4b113ac17d9c50baef9dd76bd1"
  dependencies:
    wrappy "1"

onetime@^2.0.0:
  version "2.0.0"
  resolved "http://cebesvc-nexus-prod.sxpbelux.net/repository/npm-group/onetime/-/onetime-2.0.0.tgz#52aa8110e52fc5126ffc667bd8ec21c2ed209ce6"
  dependencies:
    mimic-fn "^1.0.0"

os-tmpdir@~1.0.1:
  version "1.0.2"
  resolved "http://cebesvc-nexus-prod.sxpbelux.net/repository/npm-group/os-tmpdir/-/os-tmpdir-1.0.2.tgz#bbe67406c79aa85c5cfec766fe5734555dfa1274"

parse-json@^2.2.0:
  version "2.2.0"
  resolved "http://cebesvc-nexus-prod.sxpbelux.net/repository/npm-group/parse-json/-/parse-json-2.2.0.tgz#f480f40434ef80741f8469099f8dea18f55a4dc9"
  dependencies:
    error-ex "^1.2.0"

parse5@^3.0.1:
  version "3.0.2"
  resolved "http://cebesvc-nexus-prod.sxpbelux.net/repository/npm-group/parse5/-/parse5-3.0.2.tgz#05eff57f0ef4577fb144a79f8b9a967a6cc44510"
  dependencies:
    "@types/node" "^6.0.46"

path-is-absolute@^1.0.0:
  version "1.0.1"
  resolved "http://cebesvc-nexus-prod.sxpbelux.net/repository/npm-group/path-is-absolute/-/path-is-absolute-1.0.1.tgz#174b9268735534ffbc7ace6bf53a5a9e1b5c5f5f"

path-parse@^1.0.5:
  version "1.0.5"
  resolved "http://cebesvc-nexus-prod.sxpbelux.net/repository/npm-group/path-parse/-/path-parse-1.0.5.tgz#3c1adf871ea9cd6c9431b6ea2bd74a0ff055c4c1"

path-type@^2.0.0:
  version "2.0.0"
  resolved "http://cebesvc-nexus-prod.sxpbelux.net/repository/npm-group/path-type/-/path-type-2.0.0.tgz#f012ccb8415b7096fc2daa1054c3d72389594c73"
  dependencies:
    pify "^2.0.0"

pause-stream@0.0.11:
  version "0.0.11"
  resolved "http://cebesvc-nexus-prod.sxpbelux.net/repository/npm-group/pause-stream/-/pause-stream-0.0.11.tgz#fe5a34b0cbce12b5aa6a2b403ee2e73b602f1445"
  dependencies:
    through "~2.3"

pify@^2.0.0:
  version "2.3.0"
  resolved "http://cebesvc-nexus-prod.sxpbelux.net/repository/npm-group/pify/-/pify-2.3.0.tgz#ed141a6ac043a849ea588498e7dca8b15330e90c"

pinkie-promise@^2.0.0:
  version "2.0.1"
  resolved "http://cebesvc-nexus-prod.sxpbelux.net/repository/npm-group/pinkie-promise/-/pinkie-promise-2.0.1.tgz#2135d6dfa7a358c069ac9b178776288228450ffa"
  dependencies:
    pinkie "^2.0.0"

pinkie@^2.0.0, pinkie@^2.0.4:
  version "2.0.4"
  resolved "http://cebesvc-nexus-prod.sxpbelux.net/repository/npm-group/pinkie/-/pinkie-2.0.4.tgz#72556b80cfa0d48a974e80e77248e80ed4f7f870"

platform@^1.3.3:
  version "1.3.3"
  resolved "http://cebesvc-nexus-prod.sxpbelux.net/repository/npm-group/platform/-/platform-1.3.3.tgz#646c77011899870b6a0903e75e997e8e51da7461"

ps-tree@^1.0.1:
  version "1.1.0"
  resolved "http://cebesvc-nexus-prod.sxpbelux.net/repository/npm-group/ps-tree/-/ps-tree-1.1.0.tgz#b421b24140d6203f1ed3c76996b4427b08e8c014"
  dependencies:
    event-stream "~3.3.0"

pseudomap@^1.0.1:
  version "1.0.2"
  resolved "http://cebesvc-nexus-prod.sxpbelux.net/repository/npm-group/pseudomap/-/pseudomap-1.0.2.tgz#f052a28da70e618917ef0a8ac34c1ae5a68286b3"

read-pkg@^2.0.0:
  version "2.0.0"
  resolved "http://cebesvc-nexus-prod.sxpbelux.net/repository/npm-group/read-pkg/-/read-pkg-2.0.0.tgz#8ef1c0623c6a6db0dc6713c4bfac46332b2368f8"
  dependencies:
    load-json-file "^2.0.0"
    normalize-package-data "^2.3.2"
    path-type "^2.0.0"

rechoir@^0.6.2:
  version "0.6.2"
  resolved "http://cebesvc-nexus-prod.sxpbelux.net/repository/npm-group/rechoir/-/rechoir-0.6.2.tgz#85204b54dba82d5742e28c96756ef43af50e3384"
  dependencies:
    resolve "^1.1.6"

reflect-metadata@^0.1.2:
  version "0.1.10"
  resolved "http://cebesvc-nexus-prod.sxpbelux.net/repository/npm-group/reflect-metadata/-/reflect-metadata-0.1.10.tgz#b4f83704416acad89988c9b15635d47e03b9344a"

regenerator-runtime@^0.10.0:
  version "0.10.3"
  resolved "http://cebesvc-nexus-prod.sxpbelux.net/repository/npm-group/regenerator-runtime/-/regenerator-runtime-0.10.3.tgz#8c4367a904b51ea62a908ac310bf99ff90a82a3e"

resolve@1.1.7:
  version "1.1.7"
  resolved "http://cebesvc-nexus-prod.sxpbelux.net/repository/npm-group/resolve/-/resolve-1.1.7.tgz#203114d82ad2c5ed9e8e0411b3932875e889e97b"

resolve@^1.1.6:
  version "1.3.2"
  resolved "http://cebesvc-nexus-prod.sxpbelux.net/repository/npm-group/resolve/-/resolve-1.3.2.tgz#1f0442c9e0cbb8136e87b9305f932f46c7f28235"
  dependencies:
    path-parse "^1.0.5"

restore-cursor@^2.0.0:
  version "2.0.0"
  resolved "http://cebesvc-nexus-prod.sxpbelux.net/repository/npm-group/restore-cursor/-/restore-cursor-2.0.0.tgz#9f7ee287f82fd326d4fd162923d62129eee0dfaf"
  dependencies:
    onetime "^2.0.0"
    signal-exit "^3.0.2"

rimraf@^2.6.0:
  version "2.6.1"
  resolved "http://cebesvc-nexus-prod.sxpbelux.net/repository/npm-group/rimraf/-/rimraf-2.6.1.tgz#c2338ec643df7a1b7fe5c54fa86f57428a55f33d"
  dependencies:
    glob "^7.0.5"

rollup-plugin-node-resolve@^2.0.0:
  version "2.0.0"
  resolved "http://cebesvc-nexus-prod.sxpbelux.net/repository/npm-group/rollup-plugin-node-resolve/-/rollup-plugin-node-resolve-2.0.0.tgz#07e0ae94ac002a3ea36e8f33ca121d9f836b1309"
  dependencies:
    browser-resolve "^1.11.0"
    builtin-modules "^1.1.0"
    resolve "^1.1.6"

rollup@^0.41.4:
  version "0.41.4"
  resolved "http://cebesvc-nexus-prod.sxpbelux.net/repository/npm-group/rollup/-/rollup-0.41.4.tgz#a970580176329f9ead86854d7fd4c46de752aef8"
  dependencies:
    source-map-support "^0.4.0"

run-async@^2.2.0:
  version "2.3.0"
  resolved "http://cebesvc-nexus-prod.sxpbelux.net/repository/npm-group/run-async/-/run-async-2.3.0.tgz#0371ab4ae0bdd720d4166d7dfda64ff7a445a6c0"
  dependencies:
    is-promise "^2.1.0"

rx@^4.1.0:
  version "4.1.0"
  resolved "http://cebesvc-nexus-prod.sxpbelux.net/repository/npm-group/rx/-/rx-4.1.0.tgz#a5f13ff79ef3b740fe30aa803fb09f98805d4782"

rxjs@^5.2.0:
  version "5.2.0"
  resolved "http://cebesvc-nexus-prod.sxpbelux.net/repository/npm-group/rxjs/-/rxjs-5.2.0.tgz#db537de8767c05fa73721587a29e0085307d318b"
  dependencies:
    symbol-observable "^1.0.1"

"semver@2 || 3 || 4 || 5", semver@5.3.0, semver@^5.3.0:
  version "5.3.0"
  resolved "http://cebesvc-nexus-prod.sxpbelux.net/repository/npm-group/semver/-/semver-5.3.0.tgz#9b2ce5d3de02d17c6012ad326aa6b4d0cf54f94f"

shebang-command@^1.2.0:
  version "1.2.0"
  resolved "http://cebesvc-nexus-prod.sxpbelux.net/repository/npm-group/shebang-command/-/shebang-command-1.2.0.tgz#44aac65b695b03398968c39f363fee5deafdf1ea"
  dependencies:
    shebang-regex "^1.0.0"

shebang-regex@^1.0.0:
  version "1.0.0"
  resolved "http://cebesvc-nexus-prod.sxpbelux.net/repository/npm-group/shebang-regex/-/shebang-regex-1.0.0.tgz#da42f49740c0b42db2ca9728571cb190c98efea3"

shell-quote@^1.6.1:
  version "1.6.1"
  resolved "http://cebesvc-nexus-prod.sxpbelux.net/repository/npm-group/shell-quote/-/shell-quote-1.6.1.tgz#f4781949cce402697127430ea3b3c5476f481767"
  dependencies:
    array-filter "~0.0.0"
    array-map "~0.0.0"
    array-reduce "~0.0.0"
    jsonify "~0.0.0"

shelljs@0.7.6, shelljs@^0.7.6:
  version "0.7.6"
  resolved "http://cebesvc-nexus-prod.sxpbelux.net/repository/npm-group/shelljs/-/shelljs-0.7.6.tgz#379cccfb56b91c8601e4793356eb5382924de9ad"
  dependencies:
    glob "^7.0.0"
    interpret "^1.0.0"
    rechoir "^0.6.2"

signal-exit@^3.0.2:
  version "3.0.2"
  resolved "http://cebesvc-nexus-prod.sxpbelux.net/repository/npm-group/signal-exit/-/signal-exit-3.0.2.tgz#b5fdc08f1287ea1178628e415e25132b73646c6d"

source-map-support@^0.4.0, source-map-support@^0.4.2:
  version "0.4.11"
  resolved "http://cebesvc-nexus-prod.sxpbelux.net/repository/npm-group/source-map-support/-/source-map-support-0.4.11.tgz#647f939978b38535909530885303daf23279f322"
  dependencies:
    source-map "^0.5.3"

source-map@^0.5.3, source-map@^0.5.6:
  version "0.5.6"
  resolved "http://cebesvc-nexus-prod.sxpbelux.net/repository/npm-group/source-map/-/source-map-0.5.6.tgz#75ce38f52bf0733c5a7f0c118d81334a2bb5f412"

spdx-correct@~1.0.0:
  version "1.0.2"
  resolved "http://cebesvc-nexus-prod.sxpbelux.net/repository/npm-group/spdx-correct/-/spdx-correct-1.0.2.tgz#4b3073d933ff51f3912f03ac5519498a4150db40"
  dependencies:
    spdx-license-ids "^1.0.2"

spdx-expression-parse@~1.0.0:
  version "1.0.4"
  resolved "http://cebesvc-nexus-prod.sxpbelux.net/repository/npm-group/spdx-expression-parse/-/spdx-expression-parse-1.0.4.tgz#9bdf2f20e1f40ed447fbe273266191fced51626c"

spdx-license-ids@^1.0.2:
  version "1.2.2"
  resolved "http://cebesvc-nexus-prod.sxpbelux.net/repository/npm-group/spdx-license-ids/-/spdx-license-ids-1.2.2.tgz#c9df7a3424594ade6bd11900d596696dc06bac57"

split@0.3:
  version "0.3.3"
  resolved "http://cebesvc-nexus-prod.sxpbelux.net/repository/npm-group/split/-/split-0.3.3.tgz#cd0eea5e63a211dfff7eb0f091c4133e2d0dd28f"
  dependencies:
    through "2"

split@1.0.0:
  version "1.0.0"
  resolved "http://cebesvc-nexus-prod.sxpbelux.net/repository/npm-group/split/-/split-1.0.0.tgz#c4395ce683abcd254bc28fe1dabb6e5c27dcffae"
  dependencies:
    through "2"

storyboard-core@^3.0.0-rc.2:
  version "3.0.0"
  resolved "http://cebesvc-nexus-prod.sxpbelux.net/repository/npm-group/storyboard-core/-/storyboard-core-3.0.0.tgz#12201fa6a6d49e17f029921205404d84cfd4ea51"
  dependencies:
    chalk "1.x"
    lodash "^4.17.4"
    platform "^1.3.3"
    semver "^5.3.0"
    timm "^1.2.3"
    uuid "^3.0.1"

storyboard-listener-console@^3.0.0-rc.2:
  version "3.0.0"
  resolved "http://cebesvc-nexus-prod.sxpbelux.net/repository/npm-group/storyboard-listener-console/-/storyboard-listener-console-3.0.0.tgz#feeb54e25fc5def0f41145d2dea23f6003fff2cd"
  dependencies:
    timm "^1.2.3"

storyboard-preset-console@^3.0.0:
  version "3.0.0"
  resolved "http://cebesvc-nexus-prod.sxpbelux.net/repository/npm-group/storyboard-preset-console/-/storyboard-preset-console-3.0.0.tgz#ae3f098e5b386876b2d41ab7c89d55bfd3ac0a44"
  dependencies:
    storyboard-listener-console "^3.0.0-rc.2"

storyboard@^3.0.0:
  version "3.1.0"
  resolved "http://cebesvc-nexus-prod.sxpbelux.net/repository/npm-group/storyboard/-/storyboard-3.1.0.tgz#00053f50b2df3657a531d26b996e56a606323936"
  dependencies:
    storyboard-core "^3.0.0-rc.2"

stream-combiner@~0.0.4:
  version "0.0.4"
  resolved "http://cebesvc-nexus-prod.sxpbelux.net/repository/npm-group/stream-combiner/-/stream-combiner-0.0.4.tgz#4d5e433c185261dde623ca3f44c586bcf5c4ad14"
  dependencies:
    duplexer "~0.1.1"

string-kit@^0.5.12:
  version "0.5.15"
  resolved "http://cebesvc-nexus-prod.sxpbelux.net/repository/npm-group/string-kit/-/string-kit-0.5.15.tgz#02cb7718c91ed750c242f969bcbdc0a3a8218732"
  dependencies:
    tree-kit "^0.5.24"

string-width@^2.0.0:
  version "2.0.0"
  resolved "http://cebesvc-nexus-prod.sxpbelux.net/repository/npm-group/string-width/-/string-width-2.0.0.tgz#635c5436cc72a6e0c387ceca278d4e2eec52687e"
  dependencies:
    is-fullwidth-code-point "^2.0.0"
    strip-ansi "^3.0.0"

string.prototype.padend@^3.0.0:
  version "3.0.0"
  resolved "http://cebesvc-nexus-prod.sxpbelux.net/repository/npm-group/string.prototype.padend/-/string.prototype.padend-3.0.0.tgz#f3aaef7c1719f170c5eab1c32bf780d96e21f2f0"
  dependencies:
    define-properties "^1.1.2"
    es-abstract "^1.4.3"
    function-bind "^1.0.2"

strip-ansi@^3.0.0:
  version "3.0.1"
  resolved "http://cebesvc-nexus-prod.sxpbelux.net/repository/npm-group/strip-ansi/-/strip-ansi-3.0.1.tgz#6a385fb8853d952d5ff05d0e8aaf94278dc63dcf"
  dependencies:
    ansi-regex "^2.0.0"

strip-bom@^2.0.0:
  version "2.0.0"
  resolved "http://cebesvc-nexus-prod.sxpbelux.net/repository/npm-group/strip-bom/-/strip-bom-2.0.0.tgz#6219a85616520491f35788bdbf1447a99c7e6b0e"
  dependencies:
    is-utf8 "^0.2.0"

strip-bom@^3.0.0:
  version "3.0.0"
  resolved "http://cebesvc-nexus-prod.sxpbelux.net/repository/npm-group/strip-bom/-/strip-bom-3.0.0.tgz#2334c18e9c759f7bdd56fdef7e9ae3d588e68ed3"

strip-json-comments@^2.0.0:
  version "2.0.1"
  resolved "http://cebesvc-nexus-prod.sxpbelux.net/repository/npm-group/strip-json-comments/-/strip-json-comments-2.0.1.tgz#3c531942e908c2697c0ec344858c286c7ca0a60a"

supports-color@^2.0.0:
  version "2.0.0"
  resolved "http://cebesvc-nexus-prod.sxpbelux.net/repository/npm-group/supports-color/-/supports-color-2.0.0.tgz#535d045ce6b6363fa40117084629995e9df324c7"

symbol-observable@^1.0.1:
  version "1.0.4"
  resolved "http://cebesvc-nexus-prod.sxpbelux.net/repository/npm-group/symbol-observable/-/symbol-observable-1.0.4.tgz#29bf615d4aa7121bdd898b22d4b3f9bc4e2aa03d"

terminal-kit@^0.26.1:
  version "0.26.1"
  resolved "http://cebesvc-nexus-prod.sxpbelux.net/repository/npm-group/terminal-kit/-/terminal-kit-0.26.1.tgz#142d960c98b3afc8e800fe5ebdf9cbbea6abdfa1"
  dependencies:
    async-kit "^2.2.3"
    nextgen-events "^0.9.8"
    string-kit "^0.5.12"
    tree-kit "^0.5.26"

through@2, through@^2.3.6, through@~2.3, through@~2.3.1:
  version "2.3.8"
  resolved "http://cebesvc-nexus-prod.sxpbelux.net/repository/npm-group/through/-/through-2.3.8.tgz#0dd4c9ffaabc357960b1b724115d7e0e86a2e1f5"

timm@^1.2.3:
  version "1.2.3"
  resolved "http://cebesvc-nexus-prod.sxpbelux.net/repository/npm-group/timm/-/timm-1.2.3.tgz#77d37f43bb5f61a3736235ac392044fc2359c4b1"

tmp@^0.0.31:
  version "0.0.31"
  resolved "http://cebesvc-nexus-prod.sxpbelux.net/repository/npm-group/tmp/-/tmp-0.0.31.tgz#8f38ab9438e17315e5dbd8b3657e8bfb277ae4a7"
  dependencies:
    os-tmpdir "~1.0.1"

tree-kit@^0.5.24, tree-kit@^0.5.26:
  version "0.5.26"
  resolved "http://cebesvc-nexus-prod.sxpbelux.net/repository/npm-group/tree-kit/-/tree-kit-0.5.26.tgz#8571c86fa24d1db754e5b0cb3a7e09f41e74a8df"

ts-node@^2.1.0:
  version "2.1.0"
  resolved "http://cebesvc-nexus-prod.sxpbelux.net/repository/npm-group/ts-node/-/ts-node-2.1.0.tgz#aa2bf4b2e25c5fb6a7c54701edc3666d3a9db25d"
  dependencies:
    arrify "^1.0.0"
    chalk "^1.1.1"
    diff "^3.1.0"
    make-error "^1.1.1"
    minimist "^1.2.0"
    mkdirp "^0.5.1"
    pinkie "^2.0.4"
    source-map-support "^0.4.0"
    tsconfig "^5.0.2"
    v8flags "^2.0.11"
    xtend "^4.0.0"
    yn "^1.2.0"

tsconfig@^5.0.2:
  version "5.0.3"
  resolved "http://cebesvc-nexus-prod.sxpbelux.net/repository/npm-group/tsconfig/-/tsconfig-5.0.3.tgz#5f4278e701800967a8fc383fd19648878f2a6e3a"
  dependencies:
    any-promise "^1.3.0"
    parse-json "^2.2.0"
    strip-bom "^2.0.0"
    strip-json-comments "^2.0.0"

tsickle@^0.21.0:
  version "0.21.5"
  resolved "http://cebesvc-nexus-prod.sxpbelux.net/repository/npm-group/tsickle/-/tsickle-0.21.5.tgz#341c1834b9d293c8cbffc295a86a1e46268ed22f"
  dependencies:
    minimist "^1.2.0"
    mkdirp "^0.5.1"
    source-map "^0.5.6"
    source-map-support "^0.4.2"

typescript@^2.1.6:
  version "2.2.1"
  resolved "http://cebesvc-nexus-prod.sxpbelux.net/repository/npm-group/typescript/-/typescript-2.2.1.tgz#4862b662b988a4c8ff691cc7969622d24db76ae9"

user-home@^1.1.1:
  version "1.1.1"
  resolved "http://cebesvc-nexus-prod.sxpbelux.net/repository/npm-group/user-home/-/user-home-1.1.1.tgz#2b5be23a32b63a7c9deb8d0f28d485724a3df190"

uuid@^3.0.1:
  version "3.0.1"
  resolved "http://cebesvc-nexus-prod.sxpbelux.net/repository/npm-group/uuid/-/uuid-3.0.1.tgz#6544bba2dfda8c1cf17e629a3a305e2bb1fee6c1"

v8flags@^2.0.11:
  version "2.0.11"
  resolved "http://cebesvc-nexus-prod.sxpbelux.net/repository/npm-group/v8flags/-/v8flags-2.0.11.tgz#bca8f30f0d6d60612cc2c00641e6962d42ae6881"
  dependencies:
    user-home "^1.1.1"

validate-npm-package-license@^3.0.1:
  version "3.0.1"
  resolved "http://cebesvc-nexus-prod.sxpbelux.net/repository/npm-group/validate-npm-package-license/-/validate-npm-package-license-3.0.1.tgz#2804babe712ad3379459acfbe24746ab2c303fbc"
  dependencies:
    spdx-correct "~1.0.0"
    spdx-expression-parse "~1.0.0"

which@^1.2.9:
  version "1.2.12"
  resolved "http://cebesvc-nexus-prod.sxpbelux.net/repository/npm-group/which/-/which-1.2.12.tgz#de67b5e450269f194909ef23ece4ebe416fa1192"
  dependencies:
    isexe "^1.1.1"

wrappy@1:
  version "1.0.2"
  resolved "http://cebesvc-nexus-prod.sxpbelux.net/repository/npm-group/wrappy/-/wrappy-1.0.2.tgz#b5243d8f3ec1aa35f1364605bc0d1036e30ab69f"

xhr2@^0.1.4:
  version "0.1.4"
  resolved "http://cebesvc-nexus-prod.sxpbelux.net/repository/npm-group/xhr2/-/xhr2-0.1.4.tgz#7f87658847716db5026323812f818cadab387a5f"

xtend@^4.0.0:
  version "4.0.1"
  resolved "http://cebesvc-nexus-prod.sxpbelux.net/repository/npm-group/xtend/-/xtend-4.0.1.tgz#a5c6d532be656e23db820efb943a1f04998d63af"

yallist@^2.0.0:
  version "2.0.0"
  resolved "http://cebesvc-nexus-prod.sxpbelux.net/repository/npm-group/yallist/-/yallist-2.0.0.tgz#306c543835f09ee1a4cb23b7bce9ab341c91cdd4"

yn@^1.2.0:
  version "1.2.0"
  resolved "http://cebesvc-nexus-prod.sxpbelux.net/repository/npm-group/yn/-/yn-1.2.0.tgz#d237a4c533f279b2b89d3acac2db4b8c795e4a63"

zone.js@^0.7.6:
  version "0.7.7"
  resolved "http://cebesvc-nexus-prod.sxpbelux.net/repository/npm-group/zone.js/-/zone.js-0.7.7.tgz#0d7b7ae7f68012d03438b8a18f5763441bbf9620"
